
Microsoft Visual Studio Solution File, Format Version 12.00
# Visual Studio Version 17
VisualStudioVersion = 17.10.35122.118
MinimumVisualStudioVersion = 10.0.40219.1
Project("{FAE04EC0-301F-11D3-BF4B-00C04F79EFBC}") = "PokeDesk", "PokeDesk\PokeDesk.csproj", "{ED83A032-3639-4420-A030-36DFDD62315F}"
EndProject
Global
	GlobalSection(SolutionConfigurationPlatforms) = preSolution
		Debug|Any CPU = Debug|Any CPU
		Release|Any CPU = Release|Any CPU
	EndGlobalSection
	GlobalSection(ProjectConfigurationPlatforms) = postSolution
		{ED83A032-3639-4420-A030-36DFDD62315F}.Debug|Any CPU.ActiveCfg = Debug|Any CPU
		{ED83A032-3639-4420-A030-36DFDD62315F}.Debug|Any CPU.Build.0 = Debug|Any CPU
		{ED83A032-3639-4420-A030-36DFDD62315F}.Release|Any CPU.ActiveCfg = Release|Any CPU
		{ED83A032-3639-4420-A030-36DFDD62315F}.Release|Any CPU.Build.0 = Release|Any CPU
	EndGlobalSection
	GlobalSection(SolutionProperties) = preSolution
		HideSolutionNode = FALSE
	EndGlobalSection
	GlobalSection(ExtensibilityGlobals) = postSolution
		SolutionGuid = {96CE909B-6BCA-4BDC-ACCF-B79CA43E751A}
	EndGlobalSection
EndGlobal
